
Microsoft Visual Studio Solution File, Format Version 12.00
# Visual Studio Version 16
VisualStudioVersion = 16.0.30709.64
MinimumVisualStudioVersion = 10.0.40219.1
Project("{2150E333-8FDC-42A3-9474-1A3956D46DE8}") = "src", "src", "{5FC6AFF6-EAE4-41FD-B3B2-1E9A6C787F12}"
EndProject
Project("{9A19103F-16F7-4668-BE54-9A1E7A4F7556}") = "JOS.Files.Implementations", "src\JOS.Files.Implementations\JOS.Files.Implementations.csproj", "{243BEE5C-F17A-468E-93DF-4A7F4772BD24}"
EndProject
Project("{9A19103F-16F7-4668-BE54-9A1E7A4F7556}") = "JOS.FileApi", "src\JOS.FileApi\JOS.FileApi.csproj", "{180FFE60-4415-4BE1-8917-8B04777DE4C5}"
EndProject
Project("{2150E333-8FDC-42A3-9474-1A3956D46DE8}") = "test", "test", "{17EFDD8A-20A4-48BD-B094-A8D951899BFD}"
EndProject
Project("{9A19103F-16F7-4668-BE54-9A1E7A4F7556}") = "JOS.Files.Implementation.Tests", "test\JOS.Files.Implementation.Tests\JOS.Files.Implementation.Tests.csproj", "{FF7677C7-064A-41CA-935F-3B1AB09CDF88}"
EndProject
Project("{9A19103F-16F7-4668-BE54-9A1E7A4F7556}") = "JOS.Files.Benchmarks", "src\JOS.Files.Benchmarks\JOS.Files.Benchmarks.csproj", "{B63B604C-A4CD-4904-8C16-690511ED33B7}"
EndProject
Project("{9A19103F-16F7-4668-BE54-9A1E7A4F7556}") = "JOS.Files.Functions", "src\JOS.Files.Functions\JOS.Files.Functions.csproj", "{229B3BD8-DCB6-4F04-B7F6-7F5C0BDDD71C}"
EndProject
Project("{2150E333-8FDC-42A3-9474-1A3956D46DE8}") = "misc", "misc", "{40D083FE-77C4-4C5A-A588-E558C841A4D5}"
	ProjectSection(SolutionItems) = preProject
		zip-functions-benchmarks.md = zip-functions-benchmarks.md
	EndProjectSection
EndProject
Project("{9A19103F-16F7-4668-BE54-9A1E7A4F7556}") = "JOS.Console.Runner", "test\JOS.Console.Runner\JOS.Console.Runner.csproj", "{BD1741DE-D7A8-4DB9-9540-FCFF8F3BC45C}"
EndProject
Project("{9A19103F-16F7-4668-BE54-9A1E7A4F7556}") = "JOS.SortFile.IntegrationTests", "test\JOS.SortFile.IntegrationTests\JOS.SortFile.IntegrationTests.csproj", "{CA7414A8-F91D-47FD-9172-3F2A8D6D6BB7}"
EndProject
Project("{FAE04EC0-301F-11D3-BF4B-00C04F79EFBC}") = "JOS.ExternalMergeSort", "src\JOS.ExternalMergeSort\JOS.ExternalMergeSort.csproj", "{9CF8E8A9-033D-4490-B178-8A0CE4591677}"
EndProject
Global
	GlobalSection(SolutionConfigurationPlatforms) = preSolution
		Debug|Any CPU = Debug|Any CPU
		Release|Any CPU = Release|Any CPU
	EndGlobalSection
	GlobalSection(ProjectConfigurationPlatforms) = postSolution
		{243BEE5C-F17A-468E-93DF-4A7F4772BD24}.Debug|Any CPU.ActiveCfg = Debug|Any CPU
		{243BEE5C-F17A-468E-93DF-4A7F4772BD24}.Debug|Any CPU.Build.0 = Debug|Any CPU
		{243BEE5C-F17A-468E-93DF-4A7F4772BD24}.Release|Any CPU.ActiveCfg = Release|Any CPU
		{243BEE5C-F17A-468E-93DF-4A7F4772BD24}.Release|Any CPU.Build.0 = Release|Any CPU
		{180FFE60-4415-4BE1-8917-8B04777DE4C5}.Debug|Any CPU.ActiveCfg = Debug|Any CPU
		{180FFE60-4415-4BE1-8917-8B04777DE4C5}.Debug|Any CPU.Build.0 = Debug|Any CPU
		{180FFE60-4415-4BE1-8917-8B04777DE4C5}.Release|Any CPU.ActiveCfg = Release|Any CPU
		{180FFE60-4415-4BE1-8917-8B04777DE4C5}.Release|Any CPU.Build.0 = Release|Any CPU
		{FF7677C7-064A-41CA-935F-3B1AB09CDF88}.Debug|Any CPU.ActiveCfg = Debug|Any CPU
		{FF7677C7-064A-41CA-935F-3B1AB09CDF88}.Debug|Any CPU.Build.0 = Debug|Any CPU
		{FF7677C7-064A-41CA-935F-3B1AB09CDF88}.Release|Any CPU.ActiveCfg = Release|Any CPU
		{FF7677C7-064A-41CA-935F-3B1AB09CDF88}.Release|Any CPU.Build.0 = Release|Any CPU
		{B63B604C-A4CD-4904-8C16-690511ED33B7}.Debug|Any CPU.ActiveCfg = Debug|Any CPU
		{B63B604C-A4CD-4904-8C16-690511ED33B7}.Debug|Any CPU.Build.0 = Debug|Any CPU
		{B63B604C-A4CD-4904-8C16-690511ED33B7}.Release|Any CPU.ActiveCfg = Release|Any CPU
		{B63B604C-A4CD-4904-8C16-690511ED33B7}.Release|Any CPU.Build.0 = Release|Any CPU
		{229B3BD8-DCB6-4F04-B7F6-7F5C0BDDD71C}.Debug|Any CPU.ActiveCfg = Debug|Any CPU
		{229B3BD8-DCB6-4F04-B7F6-7F5C0BDDD71C}.Debug|Any CPU.Build.0 = Debug|Any CPU
		{229B3BD8-DCB6-4F04-B7F6-7F5C0BDDD71C}.Release|Any CPU.ActiveCfg = Release|Any CPU
		{229B3BD8-DCB6-4F04-B7F6-7F5C0BDDD71C}.Release|Any CPU.Build.0 = Release|Any CPU
		{BD1741DE-D7A8-4DB9-9540-FCFF8F3BC45C}.Debug|Any CPU.ActiveCfg = Debug|Any CPU
		{BD1741DE-D7A8-4DB9-9540-FCFF8F3BC45C}.Debug|Any CPU.Build.0 = Debug|Any CPU
		{BD1741DE-D7A8-4DB9-9540-FCFF8F3BC45C}.Release|Any CPU.ActiveCfg = Release|Any CPU
		{BD1741DE-D7A8-4DB9-9540-FCFF8F3BC45C}.Release|Any CPU.Build.0 = Release|Any CPU
		{CA7414A8-F91D-47FD-9172-3F2A8D6D6BB7}.Debug|Any CPU.ActiveCfg = Debug|Any CPU
		{CA7414A8-F91D-47FD-9172-3F2A8D6D6BB7}.Debug|Any CPU.Build.0 = Debug|Any CPU
		{CA7414A8-F91D-47FD-9172-3F2A8D6D6BB7}.Release|Any CPU.ActiveCfg = Release|Any CPU
		{CA7414A8-F91D-47FD-9172-3F2A8D6D6BB7}.Release|Any CPU.Build.0 = Release|Any CPU
		{9CF8E8A9-033D-4490-B178-8A0CE4591677}.Debug|Any CPU.ActiveCfg = Debug|Any CPU
		{9CF8E8A9-033D-4490-B178-8A0CE4591677}.Debug|Any CPU.Build.0 = Debug|Any CPU
		{9CF8E8A9-033D-4490-B178-8A0CE4591677}.Release|Any CPU.ActiveCfg = Release|Any CPU
		{9CF8E8A9-033D-4490-B178-8A0CE4591677}.Release|Any CPU.Build.0 = Release|Any CPU
	EndGlobalSection
	GlobalSection(SolutionProperties) = preSolution
		HideSolutionNode = FALSE
	EndGlobalSection
	GlobalSection(NestedProjects) = preSolution
		{243BEE5C-F17A-468E-93DF-4A7F4772BD24} = {5FC6AFF6-EAE4-41FD-B3B2-1E9A6C787F12}
		{180FFE60-4415-4BE1-8917-8B04777DE4C5} = {5FC6AFF6-EAE4-41FD-B3B2-1E9A6C787F12}
		{FF7677C7-064A-41CA-935F-3B1AB09CDF88} = {17EFDD8A-20A4-48BD-B094-A8D951899BFD}
		{B63B604C-A4CD-4904-8C16-690511ED33B7} = {5FC6AFF6-EAE4-41FD-B3B2-1E9A6C787F12}
		{229B3BD8-DCB6-4F04-B7F6-7F5C0BDDD71C} = {5FC6AFF6-EAE4-41FD-B3B2-1E9A6C787F12}
		{BD1741DE-D7A8-4DB9-9540-FCFF8F3BC45C} = {17EFDD8A-20A4-48BD-B094-A8D951899BFD}
		{CA7414A8-F91D-47FD-9172-3F2A8D6D6BB7} = {17EFDD8A-20A4-48BD-B094-A8D951899BFD}
		{9CF8E8A9-033D-4490-B178-8A0CE4591677} = {5FC6AFF6-EAE4-41FD-B3B2-1E9A6C787F12}
	EndGlobalSection
	GlobalSection(ExtensibilityGlobals) = postSolution
		SolutionGuid = {12C6B6B4-03FC-48F1-B2FC-004D1C4090AB}
	EndGlobalSection
EndGlobal
